<Solution>
  <Project Path="PS5SuiteAndroid.Android/PS5SuiteAndroid.Android.csproj">
    <Deploy />
  </Project>
  <Project Path="PS5SuiteAndroid.Browser/PS5SuiteAndroid.Browser.csproj" />
  <Project Path="PS5SuiteAndroid.Desktop/PS5SuiteAndroid.Desktop.csproj" />
  <Project Path="PS5SuiteAndroid.iOS/PS5SuiteAndroid.iOS.csproj">
    <Deploy />
  </Project>
  <Project Path="PS5SuiteAndroid/PS5SuiteAndroid.csproj" />
</Solution>
